// !$*UTF8*$!
{
	archiveVersion = 1;
	classes = {
	};
	objectVersion = 46;
	objects = {

/* Begin PBXBuildFile section */
		A6EC276E1B3C712E0055A642 /* AppDelegate.swift in Sources */ = {isa = PBXBuildFile; fileRef = A6EC276D1B3C712E0055A642 /* AppDelegate.swift */; };
		A6EC27701B3C712E0055A642 /* ViewController.swift in Sources */ = {isa = PBXBuildFile; fileRef = A6EC276F1B3C712E0055A642 /* ViewController.swift */; };
		A6EC27731B3C712E0055A642 /* Main.storyboard in Resources */ = {isa = PBXBuildFile; fileRef = A6EC27711B3C712E0055A642 /* Main.storyboard */; };
		A6EC27751B3C712E0055A642 /* Images.xcassets in Resources */ = {isa = PBXBuildFile; fileRef = A6EC27741B3C712E0055A642 /* Images.xcassets */; };
		A6EC27781B3C712E0055A642 /* LaunchScreen.xib in Resources */ = {isa = PBXBuildFile; fileRef = A6EC27761B3C712E0055A642 /* LaunchScreen.xib */; };
		A6EC27841B3C712E0055A642 /* StopWatchTests.swift in Sources */ = {isa = PBXBuildFile; fileRef = A6EC27831B3C712E0055A642 /* StopWatchTests.swift */; };
/* End PBXBuildFile section */

/* Begin PBXContainerItemProxy section */
		A6EC277E1B3C712E0055A642 /* PBXContainerItemProxy */ = {
			isa = PBXContainerItemProxy;
			containerPortal = A6EC27601B3C712E0055A642 /* Project object */;
			proxyType = 1;
			remoteGlobalIDString = A6EC27671B3C712E0055A642;
			remoteInfo = StopWatch;
		};
/* End PBXContainerItemProxy section */

/* Begin PBXFileReference section */
		A6EC27681B3C712E0055A642 /* StopWatch.app */ = {isa = PBXFileReference; explicitFileType = wrapper.application; includeInIndex = 0; path = StopWatch.app; sourceTree = BUILT_PRODUCTS_DIR; };
		A6EC276C1B3C712E0055A642 /* Info.plist */ = {isa = PBXFileReference; lastKnownFileType = text.plist.xml; path = Info.plist; sourceTree = "<group>"; };
		A6EC276D1B3C712E0055A642 /* AppDelegate.swift */ = {isa = PBXFileReference; lastKnownFileType = sourcecode.swift; path = AppDelegate.swift; sourceTree = "<group>"; };
		A6EC276F1B3C712E0055A642 /* ViewController.swift */ = {isa = PBXFileReference; lastKnownFileType = sourcecode.swift; path = ViewController.swift; sourceTree = "<group>"; };
		A6EC27721B3C712E0055A642 /* Base */ = {isa = PBXFileReference; lastKnownFileType = file.storyboard; name = Base; path = Base.lproj/Main.storyboard; sourceTree = "<group>"; };
		A6EC27741B3C712E0055A642 /* Images.xcassets */ = {isa = PBXFileReference; lastKnownFileType = folder.assetcatalog; path = Images.xcassets; sourceTree = "<group>"; };
		A6EC27771B3C712E0055A642 /* Base */ = {isa = PBXFileReference; lastKnownFileType = file.xib; name = Base; path = Base.lproj/LaunchScreen.xib; sourceTree = "<group>"; };
		A6EC277D1B3C712E0055A642 /* StopWatchTests.xctest */ = {isa = PBXFileReference; explicitFileType = wrapper.cfbundle; includeInIndex = 0; path = StopWatchTests.xctest; sourceTree = BUILT_PRODUCTS_DIR; };
		A6EC27821B3C712E0055A642 /* Info.plist */ = {isa = PBXFileReference; lastKnownFileType = text.plist.xml; path = Info.plist; sourceTree = "<group>"; };
		A6EC27831B3C712E0055A642 /* StopWatchTests.swift */ = {isa = PBXFileReference; lastKnownFileType = sourcecode.swift; path = StopWatchTests.swift; sourceTree = "<group>"; };
/* End PBXFileReference section */

/* Begin PBXFrameworksBuildPhase section */
		A6EC27651B3C712E0055A642 /* Frameworks */ = {
			isa = PBXFrameworksBuildPhase;
			buildActionMask = 2147483647;
			files = (
			);
			runOnlyForDeploymentPostprocessing = 0;
		};
		A6EC277A1B3C712E0055A642 /* Frameworks */ = {
			isa = PBXFrameworksBuildPhase;
			buildActionMask = 2147483647;
			files = (
			);
			runOnlyForDeploymentPostprocessing = 0;
		};
/* End PBXFrameworksBuildPhase section */

/* Begin PBXGroup section */
		A6EC275F1B3C712E0055A642 = {
			isa = PBXGroup;
			children = (
				A6EC276A1B3C712E0055A642 /* StopWatch */,
				A6EC27801B3C712E0055A642 /* StopWatchTests */,
				A6EC27691B3C712E0055A642 /* Products */,
			);
			sourceTree = "<group>";
		};
		A6EC27691B3C712E0055A642 /* Products */ = {
			isa = PBXGroup;
			children = (
				A6EC27681B3C712E0055A642 /* StopWatch.app */,
				A6EC277D1B3C712E0055A642 /* StopWatchTests.xctest */,
			);
			name = Products;
			sourceTree = "<group>";
		};
		A6EC276A1B3C712E0055A642 /* StopWatch */ = {
			isa = PBXGroup;
			children = (
				A6EC276D1B3C712E0055A642 /* AppDelegate.swift */,
				A6EC276F1B3C712E0055A642 /* ViewController.swift */,
				A6EC27711B3C712E0055A642 /* Main.storyboard */,
				A6EC27741B3C712E0055A642 /* Images.xcassets */,
				A6EC27761B3C712E0055A642 /* LaunchScreen.xib */,
				A6EC276B1B3C712E0055A642 /* Supporting Files */,
			);
			path = StopWatch;
			sourceTree = "<group>";
		};
		A6EC276B1B3C712E0055A642 /* Supporting Files */ = {
			isa = PBXGroup;
			children = (
				A6EC276C1B3C712E0055A642 /* Info.plist */,
			);
			name = "Supporting Files";
			sourceTree = "<group>";
		};
		A6EC27801B3C712E0055A642 /* StopWatchTests */ = {
			isa = PBXGroup;
			children = (
				A6EC27831B3C712E0055A642 /* StopWatchTests.swift */,
				A6EC27811B3C712E0055A642 /* Supporting Files */,
			);
			path = StopWatchTests;
			sourceTree = "<group>";
		};
		A6EC27811B3C712E0055A642 /* Supporting Files */ = {
			isa = PBXGroup;
			children = (
				A6EC27821B3C712E0055A642 /* Info.plist */,
			);
			name = "Supporting Files";
			sourceTree = "<group>";
		};
/* End PBXGroup section */

/* Begin PBXNativeTarget section */
		A6EC27671B3C712E0055A642 /* StopWatch */ = {
			isa = PBXNativeTarget;
			buildConfigurationList = A6EC27871B3C712E0055A642 /* Build configuration list for PBXNativeTarget "StopWatch" */;
			buildPhases = (
				A6EC27641B3C712E0055A642 /* Sources */,
				A6EC27651B3C712E0055A642 /* Frameworks */,
				A6EC27661B3C712E0055A642 /* Resources */,
			);
			buildRules = (
			);
			dependencies = (
			);
			name = StopWatch;
			productName = StopWatch;
			productReference = A6EC27681B3C712E0055A642 /* StopWatch.app */;
			productType = "com.apple.product-type.application";
		};
		A6EC277C1B3C712E0055A642 /* StopWatchTests */ = {
			isa = PBXNativeTarget;
			buildConfigurationList = A6EC278A1B3C712E0055A642 /* Build configuration list for PBXNativeTarget "StopWatchTests" */;
			buildPhases = (
				A6EC27791B3C712E0055A642 /* Sources */,
				A6EC277A1B3C712E0055A642 /* Frameworks */,
				A6EC277B1B3C712E0055A642 /* Resources */,
			);
			buildRules = (
			);
			dependencies = (
				A6EC277F1B3C712E0055A642 /* PBXTargetDependency */,
			);
			name = StopWatchTests;
			productName = StopWatchTests;
			productReference = A6EC277D1B3C712E0055A642 /* StopWatchTests.xctest */;
			productType = "com.apple.product-type.bundle.unit-test";
		};
/* End PBXNativeTarget section */

/* Begin PBXProject section */
		A6EC27601B3C712E0055A642 /* Project object */ = {
			isa = PBXProject;
			attributes = {
				LastUpgradeCheck = 0630;
				ORGANIZATIONNAME = 9stack;
				TargetAttributes = {
					A6EC27671B3C712E0055A642 = {
						CreatedOnToolsVersion = 6.3.2;
					};
					A6EC277C1B3C712E0055A642 = {
						CreatedOnToolsVersion = 6.3.2;
						TestTargetID = A6EC27671B3C712E0055A642;
					};
				};
			};
			buildConfigurationList = A6EC27631B3C712E0055A642 /* Build configuration list for PBXProject "StopWatch" */;
			compatibilityVersion = "Xcode 3.2";
			developmentRegion = English;
			hasScannedForEncodings = 0;
			knownRegions = (
				en,
				Base,
			);
			mainGroup = A6EC275F1B3C712E0055A642;
			productRefGroup = A6EC27691B3C712E0055A642 /* Products */;
			projectDirPath = "";
			projectRoot = "";
			targets = (
				A6EC27671B3C712E0055A642 /* StopWatch */,
				A6EC277C1B3C712E0055A642 /* StopWatchTests */,
			);
		};
/* End PBXProject section */

/* Begin PBXResourcesBuildPhase section */
		A6EC27661B3C712E0055A642 /* Resources */ = {
			isa = PBXResourcesBuildPhase;
			buildActionMask = 2147483647;
			files = (
				A6EC27731B3C712E0055A642 /* Main.storyboard in Resources */,
				A6EC27781B3C712E0055A642 /* LaunchScreen.xib in Resources */,
				A6EC27751B3C712E0055A642 /* Images.xcassets in Resources */,
			);
			runOnlyForDeploymentPostprocessing = 0;
		};
		A6EC277B1B3C712E0055A642 /* Resources */ = {
			isa = PBXResourcesBuildPhase;
			buildActionMask = 2147483647;
			files = (
			);
			runOnlyForDeploymentPostprocessing = 0;
		};
/* End PBXResourcesBuildPhase section */

/* Begin PBXSourcesBuildPhase section */
		A6EC27641B3C712E0055A642 /* Sources */ = {
			isa = PBXSourcesBuildPhase;
			buildActionMask = 2147483647;
			files = (
				A6EC27701B3C712E0055A642 /* ViewController.swift in Sources */,
				A6EC276E1B3C712E0055A642 /* AppDelegate.swift in Sources */,
			);
			runOnlyForDeploymentPostprocessing = 0;
		};
		A6EC27791B3C712E0055A642 /* Sources */ = {
			isa = PBXSourcesBuildPhase;
			buildActionMask = 2147483647;
			files = (
				A6EC27841B3C712E0055A642 /* StopWatchTests.swift in Sources */,
			);
			runOnlyForDeploymentPostprocessing = 0;
		};
/* End PBXSourcesBuildPhase section */

/* Begin PBXTargetDependency section */
		A6EC277F1B3C712E0055A642 /* PBXTargetDependency */ = {
			isa = PBXTargetDependency;
			target = A6EC27671B3C712E0055A642 /* StopWatch */;
			targetProxy = A6EC277E1B3C712E0055A642 /* PBXContainerItemProxy */;
		};
/* End PBXTargetDependency section */

/* Begin PBXVariantGroup section */
		A6EC27711B3C712E0055A642 /* Main.storyboard */ = {
			isa = PBXVariantGroup;
			children = (
				A6EC27721B3C712E0055A642 /* Base */,
			);
			name = Main.storyboard;
			sourceTree = "<group>";
		};
		A6EC27761B3C712E0055A642 /* LaunchScreen.xib */ = {
			isa = PBXVariantGroup;
			children = (
				A6EC27771B3C712E0055A642 /* Base */,
			);
			name = LaunchScreen.xib;
			sourceTree = "<group>";
		};
/* End PBXVariantGroup section */

/* Begin XCBuildConfiguration section */
		A6EC27851B3C712E0055A642 /* Debug */ = {
			isa = XCBuildConfiguration;
			buildSettings = {
				ALWAYS_SEARCH_USER_PATHS = NO;
				CLANG_CXX_LANGUAGE_STANDARD = "gnu++0x";
				CLANG_CXX_LIBRARY = "libc++";
				CLANG_ENABLE_MODULES = YES;
				CLANG_ENABLE_OBJC_ARC = YES;
				CLANG_WARN_BOOL_CONVERSION = YES;
				CLANG_WARN_CONSTANT_CONVERSION = YES;
				CLANG_WARN_DIRECT_OBJC_ISA_USAGE = YES_ERROR;
				CLANG_WARN_EMPTY_BODY = YES;
				CLANG_WARN_ENUM_CONVERSION = YES;
				CLANG_WARN_INT_CONVERSION = YES;
				CLANG_WARN_OBJC_ROOT_CLASS = YES_ERROR;
				CLANG_WARN_UNREACHABLE_CODE = YES;
				CLANG_WARN__DUPLICATE_METHOD_MATCH = YES;
				"CODE_SIGN_IDENTITY[sdk=iphoneos*]" = "iPhone Developer";
				COPY_PHASE_STRIP = NO;
				DEBUG_INFORMATION_FORMAT = "dwarf-with-dsym";
				ENABLE_STRICT_OBJC_MSGSEND = YES;
				GCC_C_LANGUAGE_STANDARD = gnu99;
				GCC_DYNAMIC_NO_PIC = NO;
				GCC_NO_COMMON_BLOCKS = YES;
				GCC_OPTIMIZATION_LEVEL = 0;
				GCC_PREPROCESSOR_DEFINITIONS = (
					"DEBUG=1",
					"$(inherited)",
				);
				GCC_SYMBOLS_PRIVATE_EXTERN = NO;
				GCC_WARN_64_TO_32_BIT_CONVERSION = YES;
				GCC_WARN_ABOUT_RETURN_TYPE = YES_ERROR;
				GCC_WARN_UNDECLARED_SELECTOR = YES;
				GCC_WARN_UNINITIALIZED_AUTOS = YES_AGGRESSIVE;
				GCC_WARN_UNUSED_FUNCTION = YES;
				GCC_WARN_UNUSED_VARIABLE = YES;
				IPHONEOS_DEPLOYMENT_TARGET = 8.3;
				MTL_ENABLE_DEBUG_INFO = YES;
				ONLY_ACTIVE_ARCH = YES;
				SDKROOT = iphoneos;
				SWIFT_OPTIMIZATION_LEVEL = "-Onone";
				TARGETED_DEVICE_FAMILY = "1,2";
			};
			name = Debug;
		};
		A6EC27861B3C712E0055A642 /* Release */ = {
			isa = XCBuildConfiguration;
			buildSettings = {
				ALWAYS_SEARCH_USER_PATHS = NO;
				CLANG_CXX_LANGUAGE_STANDARD = "gnu++0x";
				CLANG_CXX_LIBRARY = "libc++";
				CLANG_ENABLE_MODULES = YES;
				CLANG_ENABLE_OBJC_ARC = YES;
				CLANG_WARN_BOOL_CONVERSION = YES;
				CLANG_WARN_CONSTANT_CONVERSION = YES;
				CLANG_WARN_DIRECT_OBJC_ISA_USAGE = YES_ERROR;
				CLANG_WARN_EMPTY_BODY = YES;
				CLANG_WARN_ENUM_CONVERSION = YES;
				CLANG_WARN_INT_CONVERSION = YES;
				CLANG_WARN_OBJC_ROOT_CLASS = YES_ERROR;
				CLANG_WARN_UNREACHABLE_CODE = YES;
				CLANG_WARN__DUPLICATE_METHOD_MATCH = YES;
				"CODE_SIGN_IDENTITY[sdk=iphoneos*]" = "iPhone Developer";
				COPY_PHASE_STRIP = NO;
				DEBUG_INFORMATION_FORMAT = "dwarf-with-dsym";
				ENABLE_NS_ASSERTIONS = NO;
				ENABLE_STRICT_OBJC_MSGSEND = YES;
				GCC_C_LANGUAGE_STANDARD = gnu99;
				GCC_NO_COMMON_BLOCKS = YES;
				GCC_WARN_64_TO_32_BIT_CONVERSION = YES;
				GCC_WARN_ABOUT_RETURN_TYPE = YES_ERROR;
				GCC_WARN_UNDECLARED_SELECTOR = YES;
				GCC_WARN_UNINITIALIZED_AUTOS = YES_AGGRESSIVE;
				GCC_WARN_UNUSED_FUNCTION = YES;
				GCC_WARN_UNUSED_VARIABLE = YES;
				IPHONEOS_DEPLOYMENT_TARGET = 8.3;
				MTL_ENABLE_DEBUG_INFO = NO;
				SDKROOT = iphoneos;
				TARGETED_DEVICE_FAMILY = "1,2";
				VALIDATE_PRODUCT = YES;
			};
			name = Release;
		};
		A6EC27881B3C712E0055A642 /* Debug */ = {
			isa = XCBuildConfiguration;
			buildSettings = {
				ASSETCATALOG_COMPILER_APPICON_NAME = AppIcon;
				INFOPLIST_FILE = StopWatch/Info.plist;
				LD_RUNPATH_SEARCH_PATHS = "$(inherited) @executable_path/Frameworks";
				PRODUCT_NAME = "$(TARGET_NAME)";
			};
			name = Debug;
		};
		A6EC27891B3C712E0055A642 /* Release */ = {
			isa = XCBuildConfiguration;
			buildSettings = {
				ASSETCATALOG_COMPILER_APPICON_NAME = AppIcon;
				INFOPLIST_FILE = StopWatch/Info.plist;
				LD_RUNPATH_SEARCH_PATHS = "$(inherited) @executable_path/Frameworks";
				PRODUCT_NAME = "$(TARGET_NAME)";
			};
			name = Release;
		};
		A6EC278B1B3C712E0055A642 /* Debug */ = {
			isa = XCBuildConfiguration;
			buildSettings = {
				BUNDLE_LOADER = "$(TEST_HOST)";
				FRAMEWORK_SEARCH_PATHS = (
					"$(SDKROOT)/Developer/Library/Frameworks",
					"$(inherited)",
				);
				GCC_PREPROCESSOR_DEFINITIONS = (
					"DEBUG=1",
					"$(inherited)",
				);
				INFOPLIST_FILE = StopWatchTests/Info.plist;
				LD_RUNPATH_SEARCH_PATHS = "$(inherited) @executable_path/Frameworks @loader_path/Frameworks";
				PRODUCT_NAME = "$(TARGET_NAME)";
				TEST_HOST = "$(BUILT_PRODUCTS_DIR)/StopWatch.app/StopWatch";
			};
			name = Debug;
		};
		A6EC278C1B3C712E0055A642 /* Release */ = {
			isa = XCBuildConfiguration;
			buildSettings = {
				BUNDLE_LOADER = "$(TEST_HOST)";
				FRAMEWORK_SEARCH_PATHS = (
					"$(SDKROOT)/Developer/Library/Frameworks",
					"$(inherited)",
				);
				INFOPLIST_FILE = StopWatchTests/Info.plist;
				LD_RUNPATH_SEARCH_PATHS = "$(inherited) @executable_path/Frameworks @loader_path/Frameworks";
				PRODUCT_NAME = "$(TARGET_NAME)";
				TEST_HOST = "$(BUILT_PRODUCTS_DIR)/StopWatch.app/StopWatch";
			};
			name = Release;
		};
/* End XCBuildConfiguration section */

/* Begin XCConfigurationList section */
		A6EC27631B3C712E0055A642 /* Build configuration list for PBXProject "StopWatch" */ = {
			isa = XCConfigurationList;
			buildConfigurations = (
				A6EC27851B3C712E0055A642 /* Debug */,
				A6EC27861B3C712E0055A642 /* Release */,
			);
			defaultConfigurationIsVisible = 0;
			defaultConfigurationName = Release;
		};
		A6EC27871B3C712E0055A642 /* Build configuration list for PBXNativeTarget "StopWatch" */ = {
			isa = XCConfigurationList;
			buildConfigurations = (
				A6EC27881B3C712E0055A642 /* Debug */,
				A6EC27891B3C712E0055A642 /* Release */,
			);
			defaultConfigurationIsVisible = 0;
		};
		A6EC278A1B3C712E0055A642 /* Build configuration list for PBXNativeTarget "StopWatchTests" */ = {
			isa = XCConfigurationList;
			buildConfigurations = (
				A6EC278B1B3C712E0055A642 /* Debug */,
				A6EC278C1B3C712E0055A642 /* Release */,
			);
			defaultConfigurationIsVisible = 0;
		};
/* End XCConfigurationList section */
	};
	rootObject = A6EC27601B3C712E0055A642 /* Project object */;
}
