// !$*UTF8*$!
{
	archiveVersion = 1;
	classes = {
	};
	objectVersion = 46;
	objects = {

/* Begin PBXBuildFile section */
		A6EC279C1B3C96320055A642 /* AppDelegate.swift in Sources */ = {isa = PBXBuildFile; fileRef = A6EC279B1B3C96320055A642 /* AppDelegate.swift */; };
		A6EC279E1B3C96320055A642 /* ViewController.swift in Sources */ = {isa = PBXBuildFile; fileRef = A6EC279D1B3C96320055A642 /* ViewController.swift */; };
		A6EC27A11B3C96320055A642 /* Main.storyboard in Resources */ = {isa = PBXBuildFile; fileRef = A6EC279F1B3C96320055A642 /* Main.storyboard */; };
		A6EC27A31B3C96320055A642 /* Images.xcassets in Resources */ = {isa = PBXBuildFile; fileRef = A6EC27A21B3C96320055A642 /* Images.xcassets */; };
		A6EC27A61B3C96320055A642 /* LaunchScreen.xib in Resources */ = {isa = PBXBuildFile; fileRef = A6EC27A41B3C96320055A642 /* LaunchScreen.xib */; };
		A6EC27B21B3C96330055A642 /* cubanTranslatorTests.swift in Sources */ = {isa = PBXBuildFile; fileRef = A6EC27B11B3C96330055A642 /* cubanTranslatorTests.swift */; };
/* End PBXBuildFile section */

/* Begin PBXContainerItemProxy section */
		A6EC27AC1B3C96330055A642 /* PBXContainerItemProxy */ = {
			isa = PBXContainerItemProxy;
			containerPortal = A6EC278E1B3C96320055A642 /* Project object */;
			proxyType = 1;
			remoteGlobalIDString = A6EC27951B3C96320055A642;
			remoteInfo = cubanTranslator;
		};
/* End PBXContainerItemProxy section */

/* Begin PBXFileReference section */
		A6EC27961B3C96320055A642 /* cubanTranslator.app */ = {isa = PBXFileReference; explicitFileType = wrapper.application; includeInIndex = 0; path = cubanTranslator.app; sourceTree = BUILT_PRODUCTS_DIR; };
		A6EC279A1B3C96320055A642 /* Info.plist */ = {isa = PBXFileReference; lastKnownFileType = text.plist.xml; path = Info.plist; sourceTree = "<group>"; };
		A6EC279B1B3C96320055A642 /* AppDelegate.swift */ = {isa = PBXFileReference; lastKnownFileType = sourcecode.swift; path = AppDelegate.swift; sourceTree = "<group>"; };
		A6EC279D1B3C96320055A642 /* ViewController.swift */ = {isa = PBXFileReference; lastKnownFileType = sourcecode.swift; path = ViewController.swift; sourceTree = "<group>"; };
		A6EC27A01B3C96320055A642 /* Base */ = {isa = PBXFileReference; lastKnownFileType = file.storyboard; name = Base; path = Base.lproj/Main.storyboard; sourceTree = "<group>"; };
		A6EC27A21B3C96320055A642 /* Images.xcassets */ = {isa = PBXFileReference; lastKnownFileType = folder.assetcatalog; path = Images.xcassets; sourceTree = "<group>"; };
		A6EC27A51B3C96320055A642 /* Base */ = {isa = PBXFileReference; lastKnownFileType = file.xib; name = Base; path = Base.lproj/LaunchScreen.xib; sourceTree = "<group>"; };
		A6EC27AB1B3C96330055A642 /* cubanTranslatorTests.xctest */ = {isa = PBXFileReference; explicitFileType = wrapper.cfbundle; includeInIndex = 0; path = cubanTranslatorTests.xctest; sourceTree = BUILT_PRODUCTS_DIR; };
		A6EC27B01B3C96330055A642 /* Info.plist */ = {isa = PBXFileReference; lastKnownFileType = text.plist.xml; path = Info.plist; sourceTree = "<group>"; };
		A6EC27B11B3C96330055A642 /* cubanTranslatorTests.swift */ = {isa = PBXFileReference; lastKnownFileType = sourcecode.swift; path = cubanTranslatorTests.swift; sourceTree = "<group>"; };
/* End PBXFileReference section */

/* Begin PBXFrameworksBuildPhase section */
		A6EC27931B3C96320055A642 /* Frameworks */ = {
			isa = PBXFrameworksBuildPhase;
			buildActionMask = 2147483647;
			files = (
			);
			runOnlyForDeploymentPostprocessing = 0;
		};
		A6EC27A81B3C96330055A642 /* Frameworks */ = {
			isa = PBXFrameworksBuildPhase;
			buildActionMask = 2147483647;
			files = (
			);
			runOnlyForDeploymentPostprocessing = 0;
		};
/* End PBXFrameworksBuildPhase section */

/* Begin PBXGroup section */
		A6EC278D1B3C96320055A642 = {
			isa = PBXGroup;
			children = (
				A6EC27981B3C96320055A642 /* cubanTranslator */,
				A6EC27AE1B3C96330055A642 /* cubanTranslatorTests */,
				A6EC27971B3C96320055A642 /* Products */,
			);
			sourceTree = "<group>";
		};
		A6EC27971B3C96320055A642 /* Products */ = {
			isa = PBXGroup;
			children = (
				A6EC27961B3C96320055A642 /* cubanTranslator.app */,
				A6EC27AB1B3C96330055A642 /* cubanTranslatorTests.xctest */,
			);
			name = Products;
			sourceTree = "<group>";
		};
		A6EC27981B3C96320055A642 /* cubanTranslator */ = {
			isa = PBXGroup;
			children = (
				A6EC279B1B3C96320055A642 /* AppDelegate.swift */,
				A6EC279D1B3C96320055A642 /* ViewController.swift */,
				A6EC279F1B3C96320055A642 /* Main.storyboard */,
				A6EC27A21B3C96320055A642 /* Images.xcassets */,
				A6EC27A41B3C96320055A642 /* LaunchScreen.xib */,
				A6EC27991B3C96320055A642 /* Supporting Files */,
			);
			path = cubanTranslator;
			sourceTree = "<group>";
		};
		A6EC27991B3C96320055A642 /* Supporting Files */ = {
			isa = PBXGroup;
			children = (
				A6EC279A1B3C96320055A642 /* Info.plist */,
			);
			name = "Supporting Files";
			sourceTree = "<group>";
		};
		A6EC27AE1B3C96330055A642 /* cubanTranslatorTests */ = {
			isa = PBXGroup;
			children = (
				A6EC27B11B3C96330055A642 /* cubanTranslatorTests.swift */,
				A6EC27AF1B3C96330055A642 /* Supporting Files */,
			);
			path = cubanTranslatorTests;
			sourceTree = "<group>";
		};
		A6EC27AF1B3C96330055A642 /* Supporting Files */ = {
			isa = PBXGroup;
			children = (
				A6EC27B01B3C96330055A642 /* Info.plist */,
			);
			name = "Supporting Files";
			sourceTree = "<group>";
		};
/* End PBXGroup section */

/* Begin PBXNativeTarget section */
		A6EC27951B3C96320055A642 /* cubanTranslator */ = {
			isa = PBXNativeTarget;
			buildConfigurationList = A6EC27B51B3C96330055A642 /* Build configuration list for PBXNativeTarget "cubanTranslator" */;
			buildPhases = (
				A6EC27921B3C96320055A642 /* Sources */,
				A6EC27931B3C96320055A642 /* Frameworks */,
				A6EC27941B3C96320055A642 /* Resources */,
			);
			buildRules = (
			);
			dependencies = (
			);
			name = cubanTranslator;
			productName = cubanTranslator;
			productReference = A6EC27961B3C96320055A642 /* cubanTranslator.app */;
			productType = "com.apple.product-type.application";
		};
		A6EC27AA1B3C96330055A642 /* cubanTranslatorTests */ = {
			isa = PBXNativeTarget;
			buildConfigurationList = A6EC27B81B3C96330055A642 /* Build configuration list for PBXNativeTarget "cubanTranslatorTests" */;
			buildPhases = (
				A6EC27A71B3C96330055A642 /* Sources */,
				A6EC27A81B3C96330055A642 /* Frameworks */,
				A6EC27A91B3C96330055A642 /* Resources */,
			);
			buildRules = (
			);
			dependencies = (
				A6EC27AD1B3C96330055A642 /* PBXTargetDependency */,
			);
			name = cubanTranslatorTests;
			productName = cubanTranslatorTests;
			productReference = A6EC27AB1B3C96330055A642 /* cubanTranslatorTests.xctest */;
			productType = "com.apple.product-type.bundle.unit-test";
		};
/* End PBXNativeTarget section */

/* Begin PBXProject section */
		A6EC278E1B3C96320055A642 /* Project object */ = {
			isa = PBXProject;
			attributes = {
				LastUpgradeCheck = 0630;
				ORGANIZATIONNAME = 9stack;
				TargetAttributes = {
					A6EC27951B3C96320055A642 = {
						CreatedOnToolsVersion = 6.3.2;
					};
					A6EC27AA1B3C96330055A642 = {
						CreatedOnToolsVersion = 6.3.2;
						TestTargetID = A6EC27951B3C96320055A642;
					};
				};
			};
			buildConfigurationList = A6EC27911B3C96320055A642 /* Build configuration list for PBXProject "cubanTranslator" */;
			compatibilityVersion = "Xcode 3.2";
			developmentRegion = English;
			hasScannedForEncodings = 0;
			knownRegions = (
				en,
				Base,
			);
			mainGroup = A6EC278D1B3C96320055A642;
			productRefGroup = A6EC27971B3C96320055A642 /* Products */;
			projectDirPath = "";
			projectRoot = "";
			targets = (
				A6EC27951B3C96320055A642 /* cubanTranslator */,
				A6EC27AA1B3C96330055A642 /* cubanTranslatorTests */,
			);
		};
/* End PBXProject section */

/* Begin PBXResourcesBuildPhase section */
		A6EC27941B3C96320055A642 /* Resources */ = {
			isa = PBXResourcesBuildPhase;
			buildActionMask = 2147483647;
			files = (
				A6EC27A11B3C96320055A642 /* Main.storyboard in Resources */,
				A6EC27A61B3C96320055A642 /* LaunchScreen.xib in Resources */,
				A6EC27A31B3C96320055A642 /* Images.xcassets in Resources */,
			);
			runOnlyForDeploymentPostprocessing = 0;
		};
		A6EC27A91B3C96330055A642 /* Resources */ = {
			isa = PBXResourcesBuildPhase;
			buildActionMask = 2147483647;
			files = (
			);
			runOnlyForDeploymentPostprocessing = 0;
		};
/* End PBXResourcesBuildPhase section */

/* Begin PBXSourcesBuildPhase section */
		A6EC27921B3C96320055A642 /* Sources */ = {
			isa = PBXSourcesBuildPhase;
			buildActionMask = 2147483647;
			files = (
				A6EC279E1B3C96320055A642 /* ViewController.swift in Sources */,
				A6EC279C1B3C96320055A642 /* AppDelegate.swift in Sources */,
			);
			runOnlyForDeploymentPostprocessing = 0;
		};
		A6EC27A71B3C96330055A642 /* Sources */ = {
			isa = PBXSourcesBuildPhase;
			buildActionMask = 2147483647;
			files = (
				A6EC27B21B3C96330055A642 /* cubanTranslatorTests.swift in Sources */,
			);
			runOnlyForDeploymentPostprocessing = 0;
		};
/* End PBXSourcesBuildPhase section */

/* Begin PBXTargetDependency section */
		A6EC27AD1B3C96330055A642 /* PBXTargetDependency */ = {
			isa = PBXTargetDependency;
			target = A6EC27951B3C96320055A642 /* cubanTranslator */;
			targetProxy = A6EC27AC1B3C96330055A642 /* PBXContainerItemProxy */;
		};
/* End PBXTargetDependency section */

/* Begin PBXVariantGroup section */
		A6EC279F1B3C96320055A642 /* Main.storyboard */ = {
			isa = PBXVariantGroup;
			children = (
				A6EC27A01B3C96320055A642 /* Base */,
			);
			name = Main.storyboard;
			sourceTree = "<group>";
		};
		A6EC27A41B3C96320055A642 /* LaunchScreen.xib */ = {
			isa = PBXVariantGroup;
			children = (
				A6EC27A51B3C96320055A642 /* Base */,
			);
			name = LaunchScreen.xib;
			sourceTree = "<group>";
		};
/* End PBXVariantGroup section */

/* Begin XCBuildConfiguration section */
		A6EC27B31B3C96330055A642 /* Debug */ = {
			isa = XCBuildConfiguration;
			buildSettings = {
				ALWAYS_SEARCH_USER_PATHS = NO;
				CLANG_CXX_LANGUAGE_STANDARD = "gnu++0x";
				CLANG_CXX_LIBRARY = "libc++";
				CLANG_ENABLE_MODULES = YES;
				CLANG_ENABLE_OBJC_ARC = YES;
				CLANG_WARN_BOOL_CONVERSION = YES;
				CLANG_WARN_CONSTANT_CONVERSION = YES;
				CLANG_WARN_DIRECT_OBJC_ISA_USAGE = YES_ERROR;
				CLANG_WARN_EMPTY_BODY = YES;
				CLANG_WARN_ENUM_CONVERSION = YES;
				CLANG_WARN_INT_CONVERSION = YES;
				CLANG_WARN_OBJC_ROOT_CLASS = YES_ERROR;
				CLANG_WARN_UNREACHABLE_CODE = YES;
				CLANG_WARN__DUPLICATE_METHOD_MATCH = YES;
				"CODE_SIGN_IDENTITY[sdk=iphoneos*]" = "iPhone Developer";
				COPY_PHASE_STRIP = NO;
				DEBUG_INFORMATION_FORMAT = "dwarf-with-dsym";
				ENABLE_STRICT_OBJC_MSGSEND = YES;
				GCC_C_LANGUAGE_STANDARD = gnu99;
				GCC_DYNAMIC_NO_PIC = NO;
				GCC_NO_COMMON_BLOCKS = YES;
				GCC_OPTIMIZATION_LEVEL = 0;
				GCC_PREPROCESSOR_DEFINITIONS = (
					"DEBUG=1",
					"$(inherited)",
				);
				GCC_SYMBOLS_PRIVATE_EXTERN = NO;
				GCC_WARN_64_TO_32_BIT_CONVERSION = YES;
				GCC_WARN_ABOUT_RETURN_TYPE = YES_ERROR;
				GCC_WARN_UNDECLARED_SELECTOR = YES;
				GCC_WARN_UNINITIALIZED_AUTOS = YES_AGGRESSIVE;
				GCC_WARN_UNUSED_FUNCTION = YES;
				GCC_WARN_UNUSED_VARIABLE = YES;
				IPHONEOS_DEPLOYMENT_TARGET = 8.3;
				MTL_ENABLE_DEBUG_INFO = YES;
				ONLY_ACTIVE_ARCH = YES;
				SDKROOT = iphoneos;
				SWIFT_OPTIMIZATION_LEVEL = "-Onone";
				TARGETED_DEVICE_FAMILY = "1,2";
			};
			name = Debug;
		};
		A6EC27B41B3C96330055A642 /* Release */ = {
			isa = XCBuildConfiguration;
			buildSettings = {
				ALWAYS_SEARCH_USER_PATHS = NO;
				CLANG_CXX_LANGUAGE_STANDARD = "gnu++0x";
				CLANG_CXX_LIBRARY = "libc++";
				CLANG_ENABLE_MODULES = YES;
				CLANG_ENABLE_OBJC_ARC = YES;
				CLANG_WARN_BOOL_CONVERSION = YES;
				CLANG_WARN_CONSTANT_CONVERSION = YES;
				CLANG_WARN_DIRECT_OBJC_ISA_USAGE = YES_ERROR;
				CLANG_WARN_EMPTY_BODY = YES;
				CLANG_WARN_ENUM_CONVERSION = YES;
				CLANG_WARN_INT_CONVERSION = YES;
				CLANG_WARN_OBJC_ROOT_CLASS = YES_ERROR;
				CLANG_WARN_UNREACHABLE_CODE = YES;
				CLANG_WARN__DUPLICATE_METHOD_MATCH = YES;
				"CODE_SIGN_IDENTITY[sdk=iphoneos*]" = "iPhone Developer";
				COPY_PHASE_STRIP = NO;
				DEBUG_INFORMATION_FORMAT = "dwarf-with-dsym";
				ENABLE_NS_ASSERTIONS = NO;
				ENABLE_STRICT_OBJC_MSGSEND = YES;
				GCC_C_LANGUAGE_STANDARD = gnu99;
				GCC_NO_COMMON_BLOCKS = YES;
				GCC_WARN_64_TO_32_BIT_CONVERSION = YES;
				GCC_WARN_ABOUT_RETURN_TYPE = YES_ERROR;
				GCC_WARN_UNDECLARED_SELECTOR = YES;
				GCC_WARN_UNINITIALIZED_AUTOS = YES_AGGRESSIVE;
				GCC_WARN_UNUSED_FUNCTION = YES;
				GCC_WARN_UNUSED_VARIABLE = YES;
				IPHONEOS_DEPLOYMENT_TARGET = 8.3;
				MTL_ENABLE_DEBUG_INFO = NO;
				SDKROOT = iphoneos;
				TARGETED_DEVICE_FAMILY = "1,2";
				VALIDATE_PRODUCT = YES;
			};
			name = Release;
		};
		A6EC27B61B3C96330055A642 /* Debug */ = {
			isa = XCBuildConfiguration;
			buildSettings = {
				ASSETCATALOG_COMPILER_APPICON_NAME = AppIcon;
				INFOPLIST_FILE = cubanTranslator/Info.plist;
				LD_RUNPATH_SEARCH_PATHS = "$(inherited) @executable_path/Frameworks";
				PRODUCT_NAME = "$(TARGET_NAME)";
			};
			name = Debug;
		};
		A6EC27B71B3C96330055A642 /* Release */ = {
			isa = XCBuildConfiguration;
			buildSettings = {
				ASSETCATALOG_COMPILER_APPICON_NAME = AppIcon;
				INFOPLIST_FILE = cubanTranslator/Info.plist;
				LD_RUNPATH_SEARCH_PATHS = "$(inherited) @executable_path/Frameworks";
				PRODUCT_NAME = "$(TARGET_NAME)";
			};
			name = Release;
		};
		A6EC27B91B3C96330055A642 /* Debug */ = {
			isa = XCBuildConfiguration;
			buildSettings = {
				BUNDLE_LOADER = "$(TEST_HOST)";
				FRAMEWORK_SEARCH_PATHS = (
					"$(SDKROOT)/Developer/Library/Frameworks",
					"$(inherited)",
				);
				GCC_PREPROCESSOR_DEFINITIONS = (
					"DEBUG=1",
					"$(inherited)",
				);
				INFOPLIST_FILE = cubanTranslatorTests/Info.plist;
				LD_RUNPATH_SEARCH_PATHS = "$(inherited) @executable_path/Frameworks @loader_path/Frameworks";
				PRODUCT_NAME = "$(TARGET_NAME)";
				TEST_HOST = "$(BUILT_PRODUCTS_DIR)/cubanTranslator.app/cubanTranslator";
			};
			name = Debug;
		};
		A6EC27BA1B3C96330055A642 /* Release */ = {
			isa = XCBuildConfiguration;
			buildSettings = {
				BUNDLE_LOADER = "$(TEST_HOST)";
				FRAMEWORK_SEARCH_PATHS = (
					"$(SDKROOT)/Developer/Library/Frameworks",
					"$(inherited)",
				);
				INFOPLIST_FILE = cubanTranslatorTests/Info.plist;
				LD_RUNPATH_SEARCH_PATHS = "$(inherited) @executable_path/Frameworks @loader_path/Frameworks";
				PRODUCT_NAME = "$(TARGET_NAME)";
				TEST_HOST = "$(BUILT_PRODUCTS_DIR)/cubanTranslator.app/cubanTranslator";
			};
			name = Release;
		};
/* End XCBuildConfiguration section */

/* Begin XCConfigurationList section */
		A6EC27911B3C96320055A642 /* Build configuration list for PBXProject "cubanTranslator" */ = {
			isa = XCConfigurationList;
			buildConfigurations = (
				A6EC27B31B3C96330055A642 /* Debug */,
				A6EC27B41B3C96330055A642 /* Release */,
			);
			defaultConfigurationIsVisible = 0;
			defaultConfigurationName = Release;
		};
		A6EC27B51B3C96330055A642 /* Build configuration list for PBXNativeTarget "cubanTranslator" */ = {
			isa = XCConfigurationList;
			buildConfigurations = (
				A6EC27B61B3C96330055A642 /* Debug */,
				A6EC27B71B3C96330055A642 /* Release */,
			);
			defaultConfigurationIsVisible = 0;
		};
		A6EC27B81B3C96330055A642 /* Build configuration list for PBXNativeTarget "cubanTranslatorTests" */ = {
			isa = XCConfigurationList;
			buildConfigurations = (
				A6EC27B91B3C96330055A642 /* Debug */,
				A6EC27BA1B3C96330055A642 /* Release */,
			);
			defaultConfigurationIsVisible = 0;
		};
/* End XCConfigurationList section */
	};
	rootObject = A6EC278E1B3C96320055A642 /* Project object */;
}
